
Microsoft Visual Studio Solution File, Format Version 12.00
# Visual Studio Version 17
VisualStudioVersion = 17.8.34316.72
MinimumVisualStudioVersion = 10.0.40219.1
Project("{9A19103F-16F7-4668-BE54-9A1E7A4F7556}") = "WM.ControleEstoque.Dominio", "WM.ControleEstoque.Domain\WM.ControleEstoque.Dominio.csproj", "{8A0B1131-2264-4F9C-9426-E25B47852240}"
EndProject
Project("{FAE04EC0-301F-11D3-BF4B-00C04F79EFBC}") = "WM.ControleEstoque.Infraestrutura", "WM.ControleEstoque.Infraestrutura\WM.ControleEstoque.Infraestrutura.csproj", "{2EBA8B1A-D753-4F3B-B806-5B1A3C67B1FF}"
EndProject
Project("{FAE04EC0-301F-11D3-BF4B-00C04F79EFBC}") = "WM.ControleEstoque.Api", "WM.ControleEstoque.Api\WM.ControleEstoque.Api.csproj", "{6B3B8AAA-A903-45C8-8C51-ADDB47C04459}"
EndProject
Global
	GlobalSection(SolutionConfigurationPlatforms) = preSolution
		Debug|Any CPU = Debug|Any CPU
		Release|Any CPU = Release|Any CPU
	EndGlobalSection
	GlobalSection(ProjectConfigurationPlatforms) = postSolution
		{8A0B1131-2264-4F9C-9426-E25B47852240}.Debug|Any CPU.ActiveCfg = Debug|Any CPU
		{8A0B1131-2264-4F9C-9426-E25B47852240}.Debug|Any CPU.Build.0 = Debug|Any CPU
		{8A0B1131-2264-4F9C-9426-E25B47852240}.Release|Any CPU.ActiveCfg = Release|Any CPU
		{8A0B1131-2264-4F9C-9426-E25B47852240}.Release|Any CPU.Build.0 = Release|Any CPU
		{2EBA8B1A-D753-4F3B-B806-5B1A3C67B1FF}.Debug|Any CPU.ActiveCfg = Debug|Any CPU
		{2EBA8B1A-D753-4F3B-B806-5B1A3C67B1FF}.Debug|Any CPU.Build.0 = Debug|Any CPU
		{2EBA8B1A-D753-4F3B-B806-5B1A3C67B1FF}.Release|Any CPU.ActiveCfg = Release|Any CPU
		{2EBA8B1A-D753-4F3B-B806-5B1A3C67B1FF}.Release|Any CPU.Build.0 = Release|Any CPU
		{6B3B8AAA-A903-45C8-8C51-ADDB47C04459}.Debug|Any CPU.ActiveCfg = Debug|Any CPU
		{6B3B8AAA-A903-45C8-8C51-ADDB47C04459}.Debug|Any CPU.Build.0 = Debug|Any CPU
		{6B3B8AAA-A903-45C8-8C51-ADDB47C04459}.Release|Any CPU.ActiveCfg = Release|Any CPU
		{6B3B8AAA-A903-45C8-8C51-ADDB47C04459}.Release|Any CPU.Build.0 = Release|Any CPU
	EndGlobalSection
	GlobalSection(SolutionProperties) = preSolution
		HideSolutionNode = FALSE
	EndGlobalSection
	GlobalSection(ExtensibilityGlobals) = postSolution
		SolutionGuid = {228BBCFC-3A8B-4E0B-92C2-AF5094C304A9}
	EndGlobalSection
EndGlobal
